
Microsoft Visual Studio Solution File, Format Version 12.00
# Visual Studio Version 17
VisualStudioVersion = 17.0.31903.59
MinimumVisualStudioVersion = 10.0.40219.1
Project("{2150E333-8FDC-42A3-9474-1A3956D46DE8}") = "Source", "Source", "{BAC1B1A7-63B7-4C92-8F01-C68E97E80793}"
EndProject
Project("{FAE04EC0-301F-11D3-BF4B-00C04F79EFBC}") = "Padutronics.Formatting.Geometry.DependencyInjection", "Source\Padutronics.Formatting.Geometry.DependencyInjection\Padutronics.Formatting.Geometry.DependencyInjection.csproj", "{99DDDC3C-3177-4F25-8833-1E890CC305EC}"
EndProject
Global
	GlobalSection(SolutionConfigurationPlatforms) = preSolution
		Debug|Any CPU = Debug|Any CPU
		Release|Any CPU = Release|Any CPU
	EndGlobalSection
	GlobalSection(SolutionProperties) = preSolution
		HideSolutionNode = FALSE
	EndGlobalSection
	GlobalSection(ProjectConfigurationPlatforms) = postSolution
		{99DDDC3C-3177-4F25-8833-1E890CC305EC}.Debug|Any CPU.ActiveCfg = Debug|Any CPU
		{99DDDC3C-3177-4F25-8833-1E890CC305EC}.Debug|Any CPU.Build.0 = Debug|Any CPU
		{99DDDC3C-3177-4F25-8833-1E890CC305EC}.Release|Any CPU.ActiveCfg = Release|Any CPU
		{99DDDC3C-3177-4F25-8833-1E890CC305EC}.Release|Any CPU.Build.0 = Release|Any CPU
	EndGlobalSection
	GlobalSection(NestedProjects) = preSolution
		{99DDDC3C-3177-4F25-8833-1E890CC305EC} = {BAC1B1A7-63B7-4C92-8F01-C68E97E80793}
	EndGlobalSection
EndGlobal
